dependencies:
- name: miot-docs
  repository: file://../miot-docs
  version: 0.1.1
- name: miot-app
  repository: file://../miot-app
  version: 0.3.3
- name: miot-modulith
  repository: file://../miot-modulith
  version: 0.6.0
digest: sha256:eff36998823f97c98e375a271ed6f8054690bcf229fe01683870955dda5177f7
generated: "2026-08-13T22:57:54.945716-04:00"
