dependencies:
- name: miot-docs
  repository: file://../miot-docs
  version: 0.1.0
- name: miot-web-site
  repository: file://../miot-web-site
  version: 0.1.0
- name: miot-app
  repository: file://../miot-app
  version: 0.3.1
- name: miot-modulith
  repository: file://../miot-modulith
  version: 0.4.1
- name: miot-harness
  repository: file://../miot-harness
  version: 0.3.0
digest: sha256:4f097410e523331dfbb88c507390f041ba2a49c34081752af17bf0f0110b17f2
generated: "2026-06-10T11:51:56.046973-04:00"
