dependencies:
- name: miot-docs
  repository: file://../miot-docs
  version: 0.1.0
- name: miot-web-site
  repository: file://../miot-web-site
  version: 0.1.0
- name: miot-app
  repository: file://../miot-app
  version: 0.3.1
- name: miot-modulith
  repository: file://../miot-modulith
  version: 0.4.1
- name: miot-harness
  repository: file://../miot-harness
  version: 0.1.0
digest: sha256:df1d7c9bcf8b96c0db88dd728569290bad48744c71c7284903509a7fb9a332cf
generated: "2026-05-25T12:02:25.779494-04:00"
